
Microsoft Visual Studio Solution File, Format Version 12.00
# Visual Studio Version 17
VisualStudioVersion = 17.3.32811.315
MinimumVisualStudioVersion = 10.0.40219.1
Project("{9A19103F-16F7-4668-BE54-9A1E7A4F7556}") = "transaction-application", "transaction-service\transaction-application.csproj", "{23AE5B84-DD95-4637-8412-F464F20A37A3}"
EndProject
Project("{9A19103F-16F7-4668-BE54-9A1E7A4F7556}") = "common", "common\common.csproj", "{FABD5278-1DED-49E4-A29D-426161EDF6E8}"
EndProject
Project("{2150E333-8FDC-42A3-9474-1A3956D46DE8}") = "Services", "Services", "{AD7BF5BD-5138-401C-8927-55B7E5131173}"
EndProject
Project("{2150E333-8FDC-42A3-9474-1A3956D46DE8}") = "transaction-service", "transaction-service", "{2B35ED98-B602-4A2A-82BD-7160C5AE40FB}"
EndProject
Project("{FAE04EC0-301F-11D3-BF4B-00C04F79EFBC}") = "transaction-dataaccess", "transaction-dataaccess\transaction-dataaccess.csproj", "{23725EF8-1E63-4DBE-B766-FEB37ED5E3EE}"
EndProject
Project("{FAE04EC0-301F-11D3-BF4B-00C04F79EFBC}") = "transaction-messaging", "transaction-messaging\transaction-messaging.csproj", "{2C196610-10C7-455A-AB0A-C598ECA7E2C1}"
EndProject
Project("{FAE04EC0-301F-11D3-BF4B-00C04F79EFBC}") = "transaction-domain-core", "transaction-domain-core\transaction-domain-core.csproj", "{D6B96A84-1F34-4CC6-B30F-6983749FAFB9}"
EndProject
Project("{FAE04EC0-301F-11D3-BF4B-00C04F79EFBC}") = "transaction-application-service", "transaction-application-service\transaction-application-service.csproj", "{99F06960-E66B-457B-8F98-3B5AE0724AA9}"
EndProject
Global
	GlobalSection(SolutionConfigurationPlatforms) = preSolution
		Debug|Any CPU = Debug|Any CPU
		Release|Any CPU = Release|Any CPU
	EndGlobalSection
	GlobalSection(ProjectConfigurationPlatforms) = postSolution
		{23AE5B84-DD95-4637-8412-F464F20A37A3}.Debug|Any CPU.ActiveCfg = Debug|Any CPU
		{23AE5B84-DD95-4637-8412-F464F20A37A3}.Debug|Any CPU.Build.0 = Debug|Any CPU
		{23AE5B84-DD95-4637-8412-F464F20A37A3}.Release|Any CPU.ActiveCfg = Release|Any CPU
		{23AE5B84-DD95-4637-8412-F464F20A37A3}.Release|Any CPU.Build.0 = Release|Any CPU
		{FABD5278-1DED-49E4-A29D-426161EDF6E8}.Debug|Any CPU.ActiveCfg = Debug|Any CPU
		{FABD5278-1DED-49E4-A29D-426161EDF6E8}.Debug|Any CPU.Build.0 = Debug|Any CPU
		{FABD5278-1DED-49E4-A29D-426161EDF6E8}.Release|Any CPU.ActiveCfg = Release|Any CPU
		{FABD5278-1DED-49E4-A29D-426161EDF6E8}.Release|Any CPU.Build.0 = Release|Any CPU
		{23725EF8-1E63-4DBE-B766-FEB37ED5E3EE}.Debug|Any CPU.ActiveCfg = Debug|Any CPU
		{23725EF8-1E63-4DBE-B766-FEB37ED5E3EE}.Debug|Any CPU.Build.0 = Debug|Any CPU
		{23725EF8-1E63-4DBE-B766-FEB37ED5E3EE}.Release|Any CPU.ActiveCfg = Release|Any CPU
		{23725EF8-1E63-4DBE-B766-FEB37ED5E3EE}.Release|Any CPU.Build.0 = Release|Any CPU
		{2C196610-10C7-455A-AB0A-C598ECA7E2C1}.Debug|Any CPU.ActiveCfg = Debug|Any CPU
		{2C196610-10C7-455A-AB0A-C598ECA7E2C1}.Debug|Any CPU.Build.0 = Debug|Any CPU
		{2C196610-10C7-455A-AB0A-C598ECA7E2C1}.Release|Any CPU.ActiveCfg = Release|Any CPU
		{2C196610-10C7-455A-AB0A-C598ECA7E2C1}.Release|Any CPU.Build.0 = Release|Any CPU
		{D6B96A84-1F34-4CC6-B30F-6983749FAFB9}.Debug|Any CPU.ActiveCfg = Debug|Any CPU
		{D6B96A84-1F34-4CC6-B30F-6983749FAFB9}.Debug|Any CPU.Build.0 = Debug|Any CPU
		{D6B96A84-1F34-4CC6-B30F-6983749FAFB9}.Release|Any CPU.ActiveCfg = Release|Any CPU
		{D6B96A84-1F34-4CC6-B30F-6983749FAFB9}.Release|Any CPU.Build.0 = Release|Any CPU
		{99F06960-E66B-457B-8F98-3B5AE0724AA9}.Debug|Any CPU.ActiveCfg = Debug|Any CPU
		{99F06960-E66B-457B-8F98-3B5AE0724AA9}.Debug|Any CPU.Build.0 = Debug|Any CPU
		{99F06960-E66B-457B-8F98-3B5AE0724AA9}.Release|Any CPU.ActiveCfg = Release|Any CPU
		{99F06960-E66B-457B-8F98-3B5AE0724AA9}.Release|Any CPU.Build.0 = Release|Any CPU
	EndGlobalSection
	GlobalSection(SolutionProperties) = preSolution
		HideSolutionNode = FALSE
	EndGlobalSection
	GlobalSection(NestedProjects) = preSolution
		{23AE5B84-DD95-4637-8412-F464F20A37A3} = {2B35ED98-B602-4A2A-82BD-7160C5AE40FB}
		{2B35ED98-B602-4A2A-82BD-7160C5AE40FB} = {AD7BF5BD-5138-401C-8927-55B7E5131173}
		{23725EF8-1E63-4DBE-B766-FEB37ED5E3EE} = {2B35ED98-B602-4A2A-82BD-7160C5AE40FB}
		{2C196610-10C7-455A-AB0A-C598ECA7E2C1} = {2B35ED98-B602-4A2A-82BD-7160C5AE40FB}
		{D6B96A84-1F34-4CC6-B30F-6983749FAFB9} = {2B35ED98-B602-4A2A-82BD-7160C5AE40FB}
		{99F06960-E66B-457B-8F98-3B5AE0724AA9} = {2B35ED98-B602-4A2A-82BD-7160C5AE40FB}
	EndGlobalSection
	GlobalSection(ExtensibilityGlobals) = postSolution
		SolutionGuid = {502C307B-4DB2-4E85-B47E-CACDE4EE7FFB}
	EndGlobalSection
EndGlobal
