
Microsoft Visual Studio Solution File, Format Version 12.00
# Visual Studio Version 17
VisualStudioVersion = 17.3.32811.315
MinimumVisualStudioVersion = 10.0.40219.1
Project("{9A19103F-16F7-4668-BE54-9A1E7A4F7556}") = "transaction-service", "transaction-service\transaction-service.csproj", "{2C8E38CF-3D54-4DFB-9AA8-EC33327A8ADB}"
EndProject
Project("{9A19103F-16F7-4668-BE54-9A1E7A4F7556}") = "common", "common\common.csproj", "{17CE2D59-DBF9-419B-A76A-8F8170951059}"
EndProject
Global
	GlobalSection(SolutionConfigurationPlatforms) = preSolution
		Debug|Any CPU = Debug|Any CPU
		Release|Any CPU = Release|Any CPU
	EndGlobalSection
	GlobalSection(ProjectConfigurationPlatforms) = postSolution
		{2C8E38CF-3D54-4DFB-9AA8-EC33327A8ADB}.Debug|Any CPU.ActiveCfg = Debug|Any CPU
		{2C8E38CF-3D54-4DFB-9AA8-EC33327A8ADB}.Debug|Any CPU.Build.0 = Debug|Any CPU
		{2C8E38CF-3D54-4DFB-9AA8-EC33327A8ADB}.Release|Any CPU.ActiveCfg = Release|Any CPU
		{2C8E38CF-3D54-4DFB-9AA8-EC33327A8ADB}.Release|Any CPU.Build.0 = Release|Any CPU
		{17CE2D59-DBF9-419B-A76A-8F8170951059}.Debug|Any CPU.ActiveCfg = Debug|Any CPU
		{17CE2D59-DBF9-419B-A76A-8F8170951059}.Debug|Any CPU.Build.0 = Debug|Any CPU
		{17CE2D59-DBF9-419B-A76A-8F8170951059}.Release|Any CPU.ActiveCfg = Release|Any CPU
		{17CE2D59-DBF9-419B-A76A-8F8170951059}.Release|Any CPU.Build.0 = Release|Any CPU
	EndGlobalSection
	GlobalSection(SolutionProperties) = preSolution
		HideSolutionNode = FALSE
	EndGlobalSection
	GlobalSection(ExtensibilityGlobals) = postSolution
		SolutionGuid = {E972D868-2340-455E-A899-3AA7E552CF3A}
	EndGlobalSection
EndGlobal
