
Microsoft Visual Studio Solution File, Format Version 12.00
# Visual Studio Version 17
VisualStudioVersion = 17.3.32811.315
MinimumVisualStudioVersion = 10.0.40219.1
Project("{9A19103F-16F7-4668-BE54-9A1E7A4F7556}") = "Transaction.DomainCore", "Transaction.DomainCore\Transaction.DomainCore.csproj", "{95FC3365-FB29-4447-98FC-490B93E5CA20}"
EndProject
Project("{9A19103F-16F7-4668-BE54-9A1E7A4F7556}") = "Transaction.Dataaccess", "Transaction.Dataaccess\Transaction.Dataaccess.csproj", "{75966160-9B0D-4B25-8417-017D88F6573C}"
EndProject
Project("{9A19103F-16F7-4668-BE54-9A1E7A4F7556}") = "Transaction.Messaging", "TransactionMessaging\Transaction.Messaging.csproj", "{EC3CC85C-A4CD-4988-B966-AB7A9BDF60A8}"
EndProject
Project("{9A19103F-16F7-4668-BE54-9A1E7A4F7556}") = "Transaction.Application", "Transaction.Application\Transaction.Application.csproj", "{89FD7136-9F1D-4841-82F6-7913EEAB8B9A}"
EndProject
Project("{9A19103F-16F7-4668-BE54-9A1E7A4F7556}") = "Transaction.DomainApplicationService", "Transaction.DomainAaplicationService\Transaction.DomainApplicationService.csproj", "{54BC4EE4-74A4-4572-A3C6-99019A4F7B87}"
EndProject
Global
	GlobalSection(SolutionConfigurationPlatforms) = preSolution
		Debug|Any CPU = Debug|Any CPU
		Release|Any CPU = Release|Any CPU
	EndGlobalSection
	GlobalSection(ProjectConfigurationPlatforms) = postSolution
		{95FC3365-FB29-4447-98FC-490B93E5CA20}.Debug|Any CPU.ActiveCfg = Debug|Any CPU
		{95FC3365-FB29-4447-98FC-490B93E5CA20}.Debug|Any CPU.Build.0 = Debug|Any CPU
		{95FC3365-FB29-4447-98FC-490B93E5CA20}.Release|Any CPU.ActiveCfg = Release|Any CPU
		{95FC3365-FB29-4447-98FC-490B93E5CA20}.Release|Any CPU.Build.0 = Release|Any CPU
		{75966160-9B0D-4B25-8417-017D88F6573C}.Debug|Any CPU.ActiveCfg = Debug|Any CPU
		{75966160-9B0D-4B25-8417-017D88F6573C}.Debug|Any CPU.Build.0 = Debug|Any CPU
		{75966160-9B0D-4B25-8417-017D88F6573C}.Release|Any CPU.ActiveCfg = Release|Any CPU
		{75966160-9B0D-4B25-8417-017D88F6573C}.Release|Any CPU.Build.0 = Release|Any CPU
		{EC3CC85C-A4CD-4988-B966-AB7A9BDF60A8}.Debug|Any CPU.ActiveCfg = Debug|Any CPU
		{EC3CC85C-A4CD-4988-B966-AB7A9BDF60A8}.Debug|Any CPU.Build.0 = Debug|Any CPU
		{EC3CC85C-A4CD-4988-B966-AB7A9BDF60A8}.Release|Any CPU.ActiveCfg = Release|Any CPU
		{EC3CC85C-A4CD-4988-B966-AB7A9BDF60A8}.Release|Any CPU.Build.0 = Release|Any CPU
		{89FD7136-9F1D-4841-82F6-7913EEAB8B9A}.Debug|Any CPU.ActiveCfg = Debug|Any CPU
		{89FD7136-9F1D-4841-82F6-7913EEAB8B9A}.Debug|Any CPU.Build.0 = Debug|Any CPU
		{89FD7136-9F1D-4841-82F6-7913EEAB8B9A}.Release|Any CPU.ActiveCfg = Release|Any CPU
		{89FD7136-9F1D-4841-82F6-7913EEAB8B9A}.Release|Any CPU.Build.0 = Release|Any CPU
		{54BC4EE4-74A4-4572-A3C6-99019A4F7B87}.Debug|Any CPU.ActiveCfg = Debug|Any CPU
		{54BC4EE4-74A4-4572-A3C6-99019A4F7B87}.Debug|Any CPU.Build.0 = Debug|Any CPU
		{54BC4EE4-74A4-4572-A3C6-99019A4F7B87}.Release|Any CPU.ActiveCfg = Release|Any CPU
		{54BC4EE4-74A4-4572-A3C6-99019A4F7B87}.Release|Any CPU.Build.0 = Release|Any CPU
	EndGlobalSection
	GlobalSection(SolutionProperties) = preSolution
		HideSolutionNode = FALSE
	EndGlobalSection
	GlobalSection(ExtensibilityGlobals) = postSolution
		SolutionGuid = {618F6CEF-5A5E-45A1-9D7C-DD8DA9BEAE30}
	EndGlobalSection
EndGlobal
